// !$*UTF8*$!
{
	archiveVersion = 1;
	classes = {
	};
	objectVersion = 46;
	objects = {

/* Begin PBXBuildFile section */
		AD70EE2C1D2EC043003FE486 /* yeas.png in Resources */ = {isa = PBXBuildFile; fileRef = AD70EE2B1D2EC043003FE486 /* yeas.png */; };
		AD70EE2E1D2ECB80003FE486 /* SVCCoreLocation.swift in Sources */ = {isa = PBXBuildFile; fileRef = AD70EE2D1D2ECB80003FE486 /* SVCCoreLocation.swift */; };
		AD70EE351D2F063C003FE486 /* Artwork.swift in Sources */ = {isa = PBXBuildFile; fileRef = AD70EE331D2F063C003FE486 /* Artwork.swift */; };
		AD70EE361D2F063C003FE486 /* PinLocation.swift in Sources */ = {isa = PBXBuildFile; fileRef = AD70EE341D2F063C003FE486 /* PinLocation.swift */; };
		AD70EE381D2F06B7003FE486 /* LocationCell.swift in Sources */ = {isa = PBXBuildFile; fileRef = AD70EE371D2F06B7003FE486 /* LocationCell.swift */; };
		AD70EE3A1D2F19B3003FE486 /* Location.swift in Sources */ = {isa = PBXBuildFile; fileRef = AD70EE391D2F19B3003FE486 /* Location.swift */; };
		AD70EE3D1D2F1C97003FE486 /* LoginViewController.swift in Sources */ = {isa = PBXBuildFile; fileRef = AD70EE3C1D2F1C97003FE486 /* LoginViewController.swift */; };
		AD8684E81D2D85A8004D88F3 /* AppDelegate.swift in Sources */ = {isa = PBXBuildFile; fileRef = AD8684E71D2D85A8004D88F3 /* AppDelegate.swift */; };
		AD8684EA1D2D85A8004D88F3 /* LocationViewController.swift in Sources */ = {isa = PBXBuildFile; fileRef = AD8684E91D2D85A8004D88F3 /* LocationViewController.swift */; };
		AD8684EC1D2D85A8004D88F3 /* SecondViewController.swift in Sources */ = {isa = PBXBuildFile; fileRef = AD8684EB1D2D85A8004D88F3 /* SecondViewController.swift */; };
		AD8684EF1D2D85A8004D88F3 /* Main.storyboard in Resources */ = {isa = PBXBuildFile; fileRef = AD8684ED1D2D85A8004D88F3 /* Main.storyboard */; };
		AD8684F11D2D85A8004D88F3 /* Assets.xcassets in Resources */ = {isa = PBXBuildFile; fileRef = AD8684F01D2D85A8004D88F3 /* Assets.xcassets */; };
		AD8684F41D2D85A8004D88F3 /* LaunchScreen.storyboard in Resources */ = {isa = PBXBuildFile; fileRef = AD8684F21D2D85A8004D88F3 /* LaunchScreen.storyboard */; };
		AD8684FE1D2D9FDD004D88F3 /* JSON.swift in Sources */ = {isa = PBXBuildFile; fileRef = AD8684FC1D2D9FDD004D88F3 /* JSON.swift */; };
		AD8684FF1D2D9FDD004D88F3 /* PublicArt.json in Resources */ = {isa = PBXBuildFile; fileRef = AD8684FD1D2D9FDD004D88F3 /* PublicArt.json */; };
		AD8685051D2DA293004D88F3 /* VCMapView.swift in Sources */ = {isa = PBXBuildFile; fileRef = AD8685041D2DA293004D88F3 /* VCMapView.swift */; };
/* End PBXBuildFile section */

/* Begin PBXFileReference section */
		AD70EE2B1D2EC043003FE486 /* yeas.png */ = {isa = PBXFileReference; lastKnownFileType = image.png; path = yeas.png; sourceTree = "<group>"; };
		AD70EE2D1D2ECB80003FE486 /* SVCCoreLocation.swift */ = {isa = PBXFileReference; fileEncoding = 4; lastKnownFileType = sourcecode.swift; path = SVCCoreLocation.swift; sourceTree = "<group>"; };
		AD70EE331D2F063C003FE486 /* Artwork.swift */ = {isa = PBXFileReference; fileEncoding = 4; lastKnownFileType = sourcecode.swift; path = Artwork.swift; sourceTree = "<group>"; };
		AD70EE341D2F063C003FE486 /* PinLocation.swift */ = {isa = PBXFileReference; fileEncoding = 4; lastKnownFileType = sourcecode.swift; path = PinLocation.swift; sourceTree = "<group>"; };
		AD70EE371D2F06B7003FE486 /* LocationCell.swift */ = {isa = PBXFileReference; fileEncoding = 4; lastKnownFileType = sourcecode.swift; path = LocationCell.swift; sourceTree = "<group>"; };
		AD70EE391D2F19B3003FE486 /* Location.swift */ = {isa = PBXFileReference; fileEncoding = 4; lastKnownFileType = sourcecode.swift; path = Location.swift; sourceTree = "<group>"; };
		AD70EE3C1D2F1C97003FE486 /* LoginViewController.swift */ = {isa = PBXFileReference; fileEncoding = 4; lastKnownFileType = sourcecode.swift; path = LoginViewController.swift; sourceTree = "<group>"; };
		AD8684E41D2D85A8004D88F3 /* metcha.app */ = {isa = PBXFileReference; explicitFileType = wrapper.application; includeInIndex = 0; path = metcha.app; sourceTree = BUILT_PRODUCTS_DIR; };
		AD8684E71D2D85A8004D88F3 /* AppDelegate.swift */ = {isa = PBXFileReference; lastKnownFileType = sourcecode.swift; path = AppDelegate.swift; sourceTree = "<group>"; };
		AD8684E91D2D85A8004D88F3 /* LocationViewController.swift */ = {isa = PBXFileReference; lastKnownFileType = sourcecode.swift; name = LocationViewController.swift; path = ../LocationViewController.swift; sourceTree = "<group>"; };
		AD8684EB1D2D85A8004D88F3 /* SecondViewController.swift */ = {isa = PBXFileReference; lastKnownFileType = sourcecode.swift; name = SecondViewController.swift; path = ../SecondViewController.swift; sourceTree = "<group>"; };
		AD8684EE1D2D85A8004D88F3 /* Base */ = {isa = PBXFileReference; lastKnownFileType = file.storyboard; name = Base; path = Base.lproj/Main.storyboard; sourceTree = "<group>"; };
		AD8684F01D2D85A8004D88F3 /* Assets.xcassets */ = {isa = PBXFileReference; lastKnownFileType = folder.assetcatalog; path = Assets.xcassets; sourceTree = "<group>"; };
		AD8684F31D2D85A8004D88F3 /* Base */ = {isa = PBXFileReference; lastKnownFileType = file.storyboard; name = Base; path = Base.lproj/LaunchScreen.storyboard; sourceTree = "<group>"; };
		AD8684F51D2D85A8004D88F3 /* Info.plist */ = {isa = PBXFileReference; lastKnownFileType = text.plist.xml; path = Info.plist; sourceTree = "<group>"; };
		AD8684FC1D2D9FDD004D88F3 /* JSON.swift */ = {isa = PBXFileReference; fileEncoding = 4; lastKnownFileType = sourcecode.swift; path = JSON.swift; sourceTree = "<group>"; };
		AD8684FD1D2D9FDD004D88F3 /* PublicArt.json */ = {isa = PBXFileReference; fileEncoding = 4; lastKnownFileType = text.json; path = PublicArt.json; sourceTree = "<group>"; };
		AD8685041D2DA293004D88F3 /* VCMapView.swift */ = {isa = PBXFileReference; fileEncoding = 4; lastKnownFileType = sourcecode.swift; path = VCMapView.swift; sourceTree = "<group>"; };
/* End PBXFileReference section */

/* Begin PBXFrameworksBuildPhase section */
		AD8684E11D2D85A8004D88F3 /* Frameworks */ = {
			isa = PBXFrameworksBuildPhase;
			buildActionMask = 2147483647;
			files = (
			);
			runOnlyForDeploymentPostprocessing = 0;
		};
/* End PBXFrameworksBuildPhase section */

/* Begin PBXGroup section */
		AD70EE301D2F063C003FE486 /* Friend */ = {
			isa = PBXGroup;
			children = (
			);
			path = Friend;
			sourceTree = "<group>";
		};
		AD70EE311D2F063C003FE486 /* Location */ = {
			isa = PBXGroup;
			children = (
				AD70EE371D2F06B7003FE486 /* LocationCell.swift */,
				AD70EE391D2F19B3003FE486 /* Location.swift */,
			);
			path = Location;
			sourceTree = "<group>";
		};
		AD70EE321D2F063C003FE486 /* Map */ = {
			isa = PBXGroup;
			children = (
				AD70EE331D2F063C003FE486 /* Artwork.swift */,
				AD70EE341D2F063C003FE486 /* PinLocation.swift */,
			);
			path = Map;
			sourceTree = "<group>";
		};
		AD70EE3B1D2F1C78003FE486 /* ViewControllers */ = {
			isa = PBXGroup;
			children = (
				AD8684E91D2D85A8004D88F3 /* LocationViewController.swift */,
				AD8684EB1D2D85A8004D88F3 /* SecondViewController.swift */,
				AD70EE3C1D2F1C97003FE486 /* LoginViewController.swift */,
			);
			path = ViewControllers;
			sourceTree = "<group>";
		};
		AD8684DB1D2D85A8004D88F3 = {
			isa = PBXGroup;
			children = (
				AD8684E61D2D85A8004D88F3 /* metcha */,
				AD8684E51D2D85A8004D88F3 /* Products */,
			);
			sourceTree = "<group>";
		};
		AD8684E51D2D85A8004D88F3 /* Products */ = {
			isa = PBXGroup;
			children = (
				AD8684E41D2D85A8004D88F3 /* metcha.app */,
			);
			name = Products;
			sourceTree = "<group>";
		};
		AD8684E61D2D85A8004D88F3 /* metcha */ = {
			isa = PBXGroup;
			children = (
				AD70EE3B1D2F1C78003FE486 /* ViewControllers */,
				AD8685031D2DA286004D88F3 /* Extensions */,
				AD8685001D2DA0AD004D88F3 /* Classes */,
				AD8684FB1D2D9FDD004D88F3 /* HonoluluArtResources */,
				AD8684E71D2D85A8004D88F3 /* AppDelegate.swift */,
				AD8684ED1D2D85A8004D88F3 /* Main.storyboard */,
				AD8684F01D2D85A8004D88F3 /* Assets.xcassets */,
				AD70EE2B1D2EC043003FE486 /* yeas.png */,
				AD8684F21D2D85A8004D88F3 /* LaunchScreen.storyboard */,
				AD8684F51D2D85A8004D88F3 /* Info.plist */,
			);
			path = metcha;
			sourceTree = "<group>";
		};
		AD8684FB1D2D9FDD004D88F3 /* HonoluluArtResources */ = {
			isa = PBXGroup;
			children = (
				AD8684FC1D2D9FDD004D88F3 /* JSON.swift */,
				AD8684FD1D2D9FDD004D88F3 /* PublicArt.json */,
			);
			path = HonoluluArtResources;
			sourceTree = "<group>";
		};
		AD8685001D2DA0AD004D88F3 /* Classes */ = {
			isa = PBXGroup;
			children = (
				AD70EE301D2F063C003FE486 /* Friend */,
				AD70EE311D2F063C003FE486 /* Location */,
				AD70EE321D2F063C003FE486 /* Map */,
			);
			path = Classes;
			sourceTree = "<group>";
		};
		AD8685031D2DA286004D88F3 /* Extensions */ = {
			isa = PBXGroup;
			children = (
				AD8685041D2DA293004D88F3 /* VCMapView.swift */,
				AD70EE2D1D2ECB80003FE486 /* SVCCoreLocation.swift */,
			);
			path = Extensions;
			sourceTree = "<group>";
		};
/* End PBXGroup section */

/* Begin PBXNativeTarget section */
		AD8684E31D2D85A8004D88F3 /* metcha */ = {
			isa = PBXNativeTarget;
			buildConfigurationList = AD8684F81D2D85A8004D88F3 /* Build configuration list for PBXNativeTarget "metcha" */;
			buildPhases = (
				AD8684E01D2D85A8004D88F3 /* Sources */,
				AD8684E11D2D85A8004D88F3 /* Frameworks */,
				AD8684E21D2D85A8004D88F3 /* Resources */,
			);
			buildRules = (
			);
			dependencies = (
			);
			name = metcha;
			productName = metcha;
			productReference = AD8684E41D2D85A8004D88F3 /* metcha.app */;
			productType = "com.apple.product-type.application";
		};
/* End PBXNativeTarget section */

/* Begin PBXProject section */
		AD8684DC1D2D85A8004D88F3 /* Project object */ = {
			isa = PBXProject;
			attributes = {
				LastSwiftUpdateCheck = 0730;
				LastUpgradeCheck = 0730;
				ORGANIZATIONNAME = orctech;
				TargetAttributes = {
					AD8684E31D2D85A8004D88F3 = {
						CreatedOnToolsVersion = 7.3.1;
						DevelopmentTeam = SCKJJS495B;
					};
				};
			};
			buildConfigurationList = AD8684DF1D2D85A8004D88F3 /* Build configuration list for PBXProject "metcha" */;
			compatibilityVersion = "Xcode 3.2";
			developmentRegion = English;
			hasScannedForEncodings = 0;
			knownRegions = (
				en,
				Base,
			);
			mainGroup = AD8684DB1D2D85A8004D88F3;
			productRefGroup = AD8684E51D2D85A8004D88F3 /* Products */;
			projectDirPath = "";
			projectRoot = "";
			targets = (
				AD8684E31D2D85A8004D88F3 /* metcha */,
			);
		};
/* End PBXProject section */

/* Begin PBXResourcesBuildPhase section */
		AD8684E21D2D85A8004D88F3 /* Resources */ = {
			isa = PBXResourcesBuildPhase;
			buildActionMask = 2147483647;
			files = (
				AD8684FF1D2D9FDD004D88F3 /* PublicArt.json in Resources */,
				AD70EE2C1D2EC043003FE486 /* yeas.png in Resources */,
				AD8684F41D2D85A8004D88F3 /* LaunchScreen.storyboard in Resources */,
				AD8684F11D2D85A8004D88F3 /* Assets.xcassets in Resources */,
				AD8684EF1D2D85A8004D88F3 /* Main.storyboard in Resources */,
			);
			runOnlyForDeploymentPostprocessing = 0;
		};
/* End PBXResourcesBuildPhase section */

/* Begin PBXSourcesBuildPhase section */
		AD8684E01D2D85A8004D88F3 /* Sources */ = {
			isa = PBXSourcesBuildPhase;
			buildActionMask = 2147483647;
			files = (
				AD8685051D2DA293004D88F3 /* VCMapView.swift in Sources */,
				AD8684EC1D2D85A8004D88F3 /* SecondViewController.swift in Sources */,
				AD70EE3A1D2F19B3003FE486 /* Location.swift in Sources */,
				AD70EE351D2F063C003FE486 /* Artwork.swift in Sources */,
				AD8684E81D2D85A8004D88F3 /* AppDelegate.swift in Sources */,
				AD70EE361D2F063C003FE486 /* PinLocation.swift in Sources */,
				AD8684EA1D2D85A8004D88F3 /* LocationViewController.swift in Sources */,
				AD70EE381D2F06B7003FE486 /* LocationCell.swift in Sources */,
				AD70EE2E1D2ECB80003FE486 /* SVCCoreLocation.swift in Sources */,
				AD8684FE1D2D9FDD004D88F3 /* JSON.swift in Sources */,
				AD70EE3D1D2F1C97003FE486 /* LoginViewController.swift in Sources */,
			);
			runOnlyForDeploymentPostprocessing = 0;
		};
/* End PBXSourcesBuildPhase section */

/* Begin PBXVariantGroup section */
		AD8684ED1D2D85A8004D88F3 /* Main.storyboard */ = {
			isa = PBXVariantGroup;
			children = (
				AD8684EE1D2D85A8004D88F3 /* Base */,
			);
			name = Main.storyboard;
			sourceTree = "<group>";
		};
		AD8684F21D2D85A8004D88F3 /* LaunchScreen.storyboard */ = {
			isa = PBXVariantGroup;
			children = (
				AD8684F31D2D85A8004D88F3 /* Base */,
			);
			name = LaunchScreen.storyboard;
			sourceTree = "<group>";
		};
/* End PBXVariantGroup section */

/* Begin XCBuildConfiguration section */
		AD8684F61D2D85A8004D88F3 /* Debug */ = {
			isa = XCBuildConfiguration;
			buildSettings = {
				ALWAYS_SEARCH_USER_PATHS = NO;
				CLANG_ANALYZER_NONNULL = YES;
				CLANG_CXX_LANGUAGE_STANDARD = "gnu++0x";
				CLANG_CXX_LIBRARY = "libc++";
				CLANG_ENABLE_MODULES = YES;
				CLANG_ENABLE_OBJC_ARC = YES;
				CLANG_WARN_BOOL_CONVERSION = YES;
				CLANG_WARN_CONSTANT_CONVERSION = YES;
				CLANG_WARN_DIRECT_OBJC_ISA_USAGE = YES_ERROR;
				CLANG_WARN_EMPTY_BODY = YES;
				CLANG_WARN_ENUM_CONVERSION = YES;
				CLANG_WARN_INT_CONVERSION = YES;
				CLANG_WARN_OBJC_ROOT_CLASS = YES_ERROR;
				CLANG_WARN_UNREACHABLE_CODE = YES;
				CLANG_WARN__DUPLICATE_METHOD_MATCH = YES;
				"CODE_SIGN_IDENTITY[sdk=iphoneos*]" = "iPhone Developer";
				COPY_PHASE_STRIP = NO;
				DEBUG_INFORMATION_FORMAT = dwarf;
				ENABLE_STRICT_OBJC_MSGSEND = YES;
				ENABLE_TESTABILITY = YES;
				GCC_C_LANGUAGE_STANDARD = gnu99;
				GCC_DYNAMIC_NO_PIC = NO;
				GCC_NO_COMMON_BLOCKS = YES;
				GCC_OPTIMIZATION_LEVEL = 0;
				GCC_PREPROCESSOR_DEFINITIONS = (
					"DEBUG=1",
					"$(inherited)",
				);
				GCC_WARN_64_TO_32_BIT_CONVERSION = YES;
				GCC_WARN_ABOUT_RETURN_TYPE = YES_ERROR;
				GCC_WARN_UNDECLARED_SELECTOR = YES;
				GCC_WARN_UNINITIALIZED_AUTOS = YES_AGGRESSIVE;
				GCC_WARN_UNUSED_FUNCTION = YES;
				GCC_WARN_UNUSED_VARIABLE = YES;
				IPHONEOS_DEPLOYMENT_TARGET = 9.3;
				MTL_ENABLE_DEBUG_INFO = YES;
				ONLY_ACTIVE_ARCH = YES;
				SDKROOT = iphoneos;
				SWIFT_OPTIMIZATION_LEVEL = "-Onone";
				TARGETED_DEVICE_FAMILY = "1,2";
			};
			name = Debug;
		};
		AD8684F71D2D85A8004D88F3 /* Release */ = {
			isa = XCBuildConfiguration;
			buildSettings = {
				ALWAYS_SEARCH_USER_PATHS = NO;
				CLANG_ANALYZER_NONNULL = YES;
				CLANG_CXX_LANGUAGE_STANDARD = "gnu++0x";
				CLANG_CXX_LIBRARY = "libc++";
				CLANG_ENABLE_MODULES = YES;
				CLANG_ENABLE_OBJC_ARC = YES;
				CLANG_WARN_BOOL_CONVERSION = YES;
				CLANG_WARN_CONSTANT_CONVERSION = YES;
				CLANG_WARN_DIRECT_OBJC_ISA_USAGE = YES_ERROR;
				CLANG_WARN_EMPTY_BODY = YES;
				CLANG_WARN_ENUM_CONVERSION = YES;
				CLANG_WARN_INT_CONVERSION = YES;
				CLANG_WARN_OBJC_ROOT_CLASS = YES_ERROR;
				CLANG_WARN_UNREACHABLE_CODE = YES;
				CLANG_WARN__DUPLICATE_METHOD_MATCH = YES;
				"CODE_SIGN_IDENTITY[sdk=iphoneos*]" = "iPhone Developer";
				COPY_PHASE_STRIP = NO;
				DEBUG_INFORMATION_FORMAT = "dwarf-with-dsym";
				ENABLE_NS_ASSERTIONS = NO;
				ENABLE_STRICT_OBJC_MSGSEND = YES;
				GCC_C_LANGUAGE_STANDARD = gnu99;
				GCC_NO_COMMON_BLOCKS = YES;
				GCC_WARN_64_TO_32_BIT_CONVERSION = YES;
				GCC_WARN_ABOUT_RETURN_TYPE = YES_ERROR;
				GCC_WARN_UNDECLARED_SELECTOR = YES;
				GCC_WARN_UNINITIALIZED_AUTOS = YES_AGGRESSIVE;
				GCC_WARN_UNUSED_FUNCTION = YES;
				GCC_WARN_UNUSED_VARIABLE = YES;
				IPHONEOS_DEPLOYMENT_TARGET = 9.3;
				MTL_ENABLE_DEBUG_INFO = NO;
				SDKROOT = iphoneos;
				TARGETED_DEVICE_FAMILY = "1,2";
				VALIDATE_PRODUCT = YES;
			};
			name = Release;
		};
		AD8684F91D2D85A8004D88F3 /* Debug */ = {
			isa = XCBuildConfiguration;
			buildSettings = {
				ASSETCATALOG_COMPILER_APPICON_NAME = AppIcon;
				CODE_SIGN_IDENTITY = "iPhone Developer";
				"CODE_SIGN_IDENTITY[sdk=iphoneos*]" = "iPhone Developer";
				INFOPLIST_FILE = metcha/Info.plist;
				LD_RUNPATH_SEARCH_PATHS = "$(inherited) @executable_path/Frameworks";
				PRODUCT_BUNDLE_IDENTIFIER = com.orctech.metcha;
				PRODUCT_NAME = "$(TARGET_NAME)";
				PROVISIONING_PROFILE = "";
			};
			name = Debug;
		};
		AD8684FA1D2D85A8004D88F3 /* Release */ = {
			isa = XCBuildConfiguration;
			buildSettings = {
				ASSETCATALOG_COMPILER_APPICON_NAME = AppIcon;
				CODE_SIGN_IDENTITY = "iPhone Developer";
				"CODE_SIGN_IDENTITY[sdk=iphoneos*]" = "iPhone Developer";
				INFOPLIST_FILE = metcha/Info.plist;
				LD_RUNPATH_SEARCH_PATHS = "$(inherited) @executable_path/Frameworks";
				PRODUCT_BUNDLE_IDENTIFIER = com.orctech.metcha;
				PRODUCT_NAME = "$(TARGET_NAME)";
				PROVISIONING_PROFILE = "";
			};
			name = Release;
		};
/* End XCBuildConfiguration section */

/* Begin XCConfigurationList section */
		AD8684DF1D2D85A8004D88F3 /* Build configuration list for PBXProject "metcha" */ = {
			isa = XCConfigurationList;
			buildConfigurations = (
				AD8684F61D2D85A8004D88F3 /* Debug */,
				AD8684F71D2D85A8004D88F3 /* Release */,
			);
			defaultConfigurationIsVisible = 0;
			defaultConfigurationName = Release;
		};
		AD8684F81D2D85A8004D88F3 /* Build configuration list for PBXNativeTarget "metcha" */ = {
			isa = XCConfigurationList;
			buildConfigurations = (
				AD8684F91D2D85A8004D88F3 /* Debug */,
				AD8684FA1D2D85A8004D88F3 /* Release */,
			);
			defaultConfigurationIsVisible = 0;
			defaultConfigurationName = Release;
		};
/* End XCConfigurationList section */
	};
	rootObject = AD8684DC1D2D85A8004D88F3 /* Project object */;
}
